{
  "name": "fashion-ai-designer-backend",
  "version": "1.0.0",
  "lockfileVersion": 3,
  "requires": true,
  "packages": {
    "": {
      "name": "fashion-ai-designer-backend",
      "version": "1.0.0",
      "license": "ISC",
      "dependencies": {
        "cors": "^2.8.6",
        "dotenv": "^17.4.2",
        "express": "^5.2.1",
        "helmet": "^8.2.0",
        "jsonwebtoken": "^9.0.3",
        "mongoose": "^9.7.2"
      },
      "devDependencies": {
        "jest": "^30.4.2"
      }
    },
    "node_modules/js-yaml": {
      "version": "4.1.1",
      "resolved": "https://registry.npmjs.org/js-yaml/-/js-yaml-4.1.1.tgz",
      "integrity": "sha512-foOHcRm+TkIu7+2sCAuEGGpqpJ8ITNFB1rWxe/O0zn+TqHgPAu9DJZRN1TlEFEgMOvfbFxl3dPwJYBvGJxWnw==",
      "engines": {
        "node": ">= 6"
      },
      "bin": {
        "js-yaml": "bin/js-yaml.js"
      }
    }
  }
}
